
Microsoft Visual Studio Solution File, Format Version 12.00
# Visual Studio Version 17
VisualStudioVersion = 17.3.32901.215
MinimumVisualStudioVersion = 10.0.40219.1
Project("{888888A0-9F3D-457C-B088-3A5042F75D52}") = "비트코인", "비트코인.pyproj", "{9B8137B4-8D46-4431-999E-8BEFC75C58D3}"
EndProject
Global
	GlobalSection(SolutionConfigurationPlatforms) = preSolution
		Debug|Any CPU = Debug|Any CPU
		Release|Any CPU = Release|Any CPU
	EndGlobalSection
	GlobalSection(ProjectConfigurationPlatforms) = postSolution
		{9B8137B4-8D46-4431-999E-8BEFC75C58D3}.Debug|Any CPU.ActiveCfg = Debug|Any CPU
		{9B8137B4-8D46-4431-999E-8BEFC75C58D3}.Release|Any CPU.ActiveCfg = Release|Any CPU
	EndGlobalSection
	GlobalSection(SolutionProperties) = preSolution
		HideSolutionNode = FALSE
	EndGlobalSection
	GlobalSection(ExtensibilityGlobals) = postSolution
		SolutionGuid = {48B91595-4384-4022-8413-A67BD1C177B8}
	EndGlobalSection
EndGlobal
