
Microsoft Visual Studio Solution File, Format Version 12.00
# Visual Studio Version 17
VisualStudioVersion = 17.3.32901.215
MinimumVisualStudioVersion = 10.0.40219.1
Project("{888888A0-9F3D-457C-B088-3A5042F75D52}") = "이게뭐지", "이게뭐지.pyproj", "{E06045AA-7336-4A66-A616-11CEB5B71958}"
EndProject
Global
	GlobalSection(SolutionConfigurationPlatforms) = preSolution
		Debug|Any CPU = Debug|Any CPU
		Release|Any CPU = Release|Any CPU
	EndGlobalSection
	GlobalSection(ProjectConfigurationPlatforms) = postSolution
		{E06045AA-7336-4A66-A616-11CEB5B71958}.Debug|Any CPU.ActiveCfg = Debug|Any CPU
		{E06045AA-7336-4A66-A616-11CEB5B71958}.Release|Any CPU.ActiveCfg = Release|Any CPU
	EndGlobalSection
	GlobalSection(SolutionProperties) = preSolution
		HideSolutionNode = FALSE
	EndGlobalSection
	GlobalSection(ExtensibilityGlobals) = postSolution
		SolutionGuid = {A95B41AF-A7DB-4FFE-85D2-63E8BB4E338C}
	EndGlobalSection
EndGlobal
