
Microsoft Visual Studio Solution File, Format Version 12.00
# Visual Studio Version 17
VisualStudioVersion = 17.3.32901.215
MinimumVisualStudioVersion = 10.0.40219.1
Project("{888888A0-9F3D-457C-B088-3A5042F75D52}") = "guii", "guii.pyproj", "{33DE1D24-A6A2-4B8E-B4BB-F8BDCE8EE6E6}"
EndProject
Global
	GlobalSection(SolutionConfigurationPlatforms) = preSolution
		Debug|Any CPU = Debug|Any CPU
		Release|Any CPU = Release|Any CPU
	EndGlobalSection
	GlobalSection(ProjectConfigurationPlatforms) = postSolution
		{33DE1D24-A6A2-4B8E-B4BB-F8BDCE8EE6E6}.Debug|Any CPU.ActiveCfg = Debug|Any CPU
		{33DE1D24-A6A2-4B8E-B4BB-F8BDCE8EE6E6}.Release|Any CPU.ActiveCfg = Release|Any CPU
	EndGlobalSection
	GlobalSection(SolutionProperties) = preSolution
		HideSolutionNode = FALSE
	EndGlobalSection
	GlobalSection(ExtensibilityGlobals) = postSolution
		SolutionGuid = {0F2D7FC7-2B92-4648-95C3-AD3752FBC2AD}
	EndGlobalSection
EndGlobal
